// !$*UTF8*$!
{
	archiveVersion = 1;
	classes = {
	};
	objectVersion = 77;
	objects = {

/* Begin PBXContainerItemProxy section */
		D6AEF1792D75ACC600F8EA4E /* PBXContainerItemProxy */ = {
			isa = PBXContainerItemProxy;
			containerPortal = D6AEF15A2D75ACC300F8EA4E /* Project object */;
			proxyType = 1;
			remoteGlobalIDString = D6AEF1612D75ACC300F8EA4E;
			remoteInfo = "project-team-card-app";
		};
		D6AEF1832D75ACC600F8EA4E /* PBXContainerItemProxy */ = {
			isa = PBXContainerItemProxy;
			containerPortal = D6AEF15A2D75ACC300F8EA4E /* Project object */;
			proxyType = 1;
			remoteGlobalIDString = D6AEF1612D75ACC300F8EA4E;
			remoteInfo = "project-team-card-app";
		};
/* End PBXContainerItemProxy section */

/* Begin PBXFileReference section */
		D6AEF1622D75ACC300F8EA4E /* project-team-card-app.app */ = {isa = PBXFileReference; explicitFileType = wrapper.application; includeInIndex = 0; path = "project-team-card-app.app"; sourceTree = BUILT_PRODUCTS_DIR; };
		D6AEF1782D75ACC600F8EA4E /* project-team-card-appTests.xctest */ = {isa = PBXFileReference; explicitFileType = wrapper.cfbundle; includeInIndex = 0; path = "project-team-card-appTests.xctest"; sourceTree = BUILT_PRODUCTS_DIR; };
		D6AEF1822D75ACC600F8EA4E /* project-team-card-appUITests.xctest */ = {isa = PBXFileReference; explicitFileType = wrapper.cfbundle; includeInIndex = 0; path = "project-team-card-appUITests.xctest"; sourceTree = BUILT_PRODUCTS_DIR; };
/* End PBXFileReference section */

/* Begin PBXFileSystemSynchronizedBuildFileExceptionSet section */
		D6AEF18A2D75ACC600F8EA4E /* Exceptions for "project-team-card-app" folder in "project-team-card-app" target */ = {
			isa = PBXFileSystemSynchronizedBuildFileExceptionSet;
			membershipExceptions = (
				Info.plist,
			);
			target = D6AEF1612D75ACC300F8EA4E /* project-team-card-app */;
		};
/* End PBXFileSystemSynchronizedBuildFileExceptionSet section */

/* Begin PBXFileSystemSynchronizedRootGroup section */
		D6AEF1642D75ACC300F8EA4E /* project-team-card-app */ = {
			isa = PBXFileSystemSynchronizedRootGroup;
			exceptions = (
				D6AEF18A2D75ACC600F8EA4E /* Exceptions for "project-team-card-app" folder in "project-team-card-app" target */,
			);
			path = "project-team-card-app";
			sourceTree = "<group>";
		};
		D6AEF17B2D75ACC600F8EA4E /* project-team-card-appTests */ = {
			isa = PBXFileSystemSynchronizedRootGroup;
			path = "project-team-card-appTests";
			sourceTree = "<group>";
		};
		D6AEF1852D75ACC600F8EA4E /* project-team-card-appUITests */ = {
			isa = PBXFileSystemSynchronizedRootGroup;
			path = "project-team-card-appUITests";
			sourceTree = "<group>";
		};
/* End PBXFileSystemSynchronizedRootGroup section */

/* Begin PBXFrameworksBuildPhase section */
		D6AEF15F2D75ACC300F8EA4E /* Frameworks */ = {
			isa = PBXFrameworksBuildPhase;
			buildActionMask = 2147483647;
			files = (
			);
			runOnlyForDeploymentPostprocessing = 0;
		};
		D6AEF1752D75ACC600F8EA4E /* Frameworks */ = {
			isa = PBXFrameworksBuildPhase;
			buildActionMask = 2147483647;
			files = (
			);
			runOnlyForDeploymentPostprocessing = 0;
		};
		D6AEF17F2D75ACC600F8EA4E /* Frameworks */ = {
			isa = PBXFrameworksBuildPhase;
			buildActionMask = 2147483647;
			files = (
			);
			runOnlyForDeploymentPostprocessing = 0;
		};
/* End PBXFrameworksBuildPhase section */

/* Begin PBXGroup section */
		D6AEF1592D75ACC300F8EA4E = {
			isa = PBXGroup;
			children = (
				D6AEF1642D75ACC300F8EA4E /* project-team-card-app */,
				D6AEF17B2D75ACC600F8EA4E /* project-team-card-appTests */,
				D6AEF1852D75ACC600F8EA4E /* project-team-card-appUITests */,
				D6AEF1632D75ACC300F8EA4E /* Products */,
			);
			sourceTree = "<group>";
		};
		D6AEF1632D75ACC300F8EA4E /* Products */ = {
			isa = PBXGroup;
			children = (
				D6AEF1622D75ACC300F8EA4E /* project-team-card-app.app */,
				D6AEF1782D75ACC600F8EA4E /* project-team-card-appTests.xctest */,
				D6AEF1822D75ACC600F8EA4E /* project-team-card-appUITests.xctest */,
			);
			name = Products;
			sourceTree = "<group>";
		};
/* End PBXGroup section */

/* Begin PBXNativeTarget section */
		D6AEF1612D75ACC300F8EA4E /* project-team-card-app */ = {
			isa = PBXNativeTarget;
			buildConfigurationList = D6AEF18B2D75ACC600F8EA4E /* Build configuration list for PBXNativeTarget "project-team-card-app" */;
			buildPhases = (
				D6AEF15E2D75ACC300F8EA4E /* Sources */,
				D6AEF15F2D75ACC300F8EA4E /* Frameworks */,
				D6AEF1602D75ACC300F8EA4E /* Resources */,
			);
			buildRules = (
			);
			dependencies = (
			);
			fileSystemSynchronizedGroups = (
				D6AEF1642D75ACC300F8EA4E /* project-team-card-app */,
			);
			name = "project-team-card-app";
			packageProductDependencies = (
			);
			productName = "project-team-card-app";
			productReference = D6AEF1622D75ACC300F8EA4E /* project-team-card-app.app */;
			productType = "com.apple.product-type.application";
		};
		D6AEF1772D75ACC600F8EA4E /* project-team-card-appTests */ = {
			isa = PBXNativeTarget;
			buildConfigurationList = D6AEF1902D75ACC600F8EA4E /* Build configuration list for PBXNativeTarget "project-team-card-appTests" */;
			buildPhases = (
				D6AEF1742D75ACC600F8EA4E /* Sources */,
				D6AEF1752D75ACC600F8EA4E /* Frameworks */,
				D6AEF1762D75ACC600F8EA4E /* Resources */,
			);
			buildRules = (
			);
			dependencies = (
				D6AEF17A2D75ACC600F8EA4E /* PBXTargetDependency */,
			);
			fileSystemSynchronizedGroups = (
				D6AEF17B2D75ACC600F8EA4E /* project-team-card-appTests */,
			);
			name = "project-team-card-appTests";
			packageProductDependencies = (
			);
			productName = "project-team-card-appTests";
			productReference = D6AEF1782D75ACC600F8EA4E /* project-team-card-appTests.xctest */;
			productType = "com.apple.product-type.bundle.unit-test";
		};
		D6AEF1812D75ACC600F8EA4E /* project-team-card-appUITests */ = {
			isa = PBXNativeTarget;
			buildConfigurationList = D6AEF1932D75ACC600F8EA4E /* Build configuration list for PBXNativeTarget "project-team-card-appUITests" */;
			buildPhases = (
				D6AEF17E2D75ACC600F8EA4E /* Sources */,
				D6AEF17F2D75ACC600F8EA4E /* Frameworks */,
				D6AEF1802D75ACC600F8EA4E /* Resources */,
			);
			buildRules = (
			);
			dependencies = (
				D6AEF1842D75ACC600F8EA4E /* PBXTargetDependency */,
			);
			fileSystemSynchronizedGroups = (
				D6AEF1852D75ACC600F8EA4E /* project-team-card-appUITests */,
			);
			name = "project-team-card-appUITests";
			packageProductDependencies = (
			);
			productName = "project-team-card-appUITests";
			productReference = D6AEF1822D75ACC600F8EA4E /* project-team-card-appUITests.xctest */;
			productType = "com.apple.product-type.bundle.ui-testing";
		};
/* End PBXNativeTarget section */

/* Begin PBXProject section */
		D6AEF15A2D75ACC300F8EA4E /* Project object */ = {
			isa = PBXProject;
			attributes = {
				BuildIndependentTargetsInParallel = 1;
				LastSwiftUpdateCheck = 1620;
				LastUpgradeCheck = 1620;
				TargetAttributes = {
					D6AEF1612D75ACC300F8EA4E = {
						CreatedOnToolsVersion = 16.2;
					};
					D6AEF1772D75ACC600F8EA4E = {
						CreatedOnToolsVersion = 16.2;
						TestTargetID = D6AEF1612D75ACC300F8EA4E;
					};
					D6AEF1812D75ACC600F8EA4E = {
						CreatedOnToolsVersion = 16.2;
						TestTargetID = D6AEF1612D75ACC300F8EA4E;
					};
				};
			};
			buildConfigurationList = D6AEF15D2D75ACC300F8EA4E /* Build configuration list for PBXProject "project-team-card-app" */;
			developmentRegion = en;
			hasScannedForEncodings = 0;
			knownRegions = (
				en,
				Base,
			);
			mainGroup = D6AEF1592D75ACC300F8EA4E;
			minimizedProjectReferenceProxies = 1;
			preferredProjectObjectVersion = 77;
			productRefGroup = D6AEF1632D75ACC300F8EA4E /* Products */;
			projectDirPath = "";
			projectRoot = "";
			targets = (
				D6AEF1612D75ACC300F8EA4E /* project-team-card-app */,
				D6AEF1772D75ACC600F8EA4E /* project-team-card-appTests */,
				D6AEF1812D75ACC600F8EA4E /* project-team-card-appUITests */,
			);
		};
/* End PBXProject section */

/* Begin PBXResourcesBuildPhase section */
		D6AEF1602D75ACC300F8EA4E /* Resources */ = {
			isa = PBXResourcesBuildPhase;
			buildActionMask = 2147483647;
			files = (
			);
			runOnlyForDeploymentPostprocessing = 0;
		};
		D6AEF1762D75ACC600F8EA4E /* Resources */ = {
			isa = PBXResourcesBuildPhase;
			buildActionMask = 2147483647;
			files = (
			);
			runOnlyForDeploymentPostprocessing = 0;
		};
		D6AEF1802D75ACC600F8EA4E /* Resources */ = {
			isa = PBXResourcesBuildPhase;
			buildActionMask = 2147483647;
			files = (
			);
			runOnlyForDeploymentPostprocessing = 0;
		};
/* End PBXResourcesBuildPhase section */

/* Begin PBXSourcesBuildPhase section */
		D6AEF15E2D75ACC300F8EA4E /* Sources */ = {
			isa = PBXSourcesBuildPhase;
			buildActionMask = 2147483647;
			files = (
			);
			runOnlyForDeploymentPostprocessing = 0;
		};
		D6AEF1742D75ACC600F8EA4E /* Sources */ = {
			isa = PBXSourcesBuildPhase;
			buildActionMask = 2147483647;
			files = (
			);
			runOnlyForDeploymentPostprocessing = 0;
		};
		D6AEF17E2D75ACC600F8EA4E /* Sources */ = {
			isa = PBXSourcesBuildPhase;
			buildActionMask = 2147483647;
			files = (
			);
			runOnlyForDeploymentPostprocessing = 0;
		};
/* End PBXSourcesBuildPhase section */

/* Begin PBXTargetDependency section */
		D6AEF17A2D75ACC600F8EA4E /* PBXTargetDependency */ = {
			isa = PBXTargetDependency;
			target = D6AEF1612D75ACC300F8EA4E /* project-team-card-app */;
			targetProxy = D6AEF1792D75ACC600F8EA4E /* PBXContainerItemProxy */;
		};
		D6AEF1842D75ACC600F8EA4E /* PBXTargetDependency */ = {
			isa = PBXTargetDependency;
			target = D6AEF1612D75ACC300F8EA4E /* project-team-card-app */;
			targetProxy = D6AEF1832D75ACC600F8EA4E /* PBXContainerItemProxy */;
		};
/* End PBXTargetDependency section */

/* Begin XCBuildConfiguration section */
		D6AEF18C2D75ACC600F8EA4E /* Debug */ = {
			isa = XCBuildConfiguration;
			buildSettings = {
				ASSETCATALOG_COMPILER_APPICON_NAME = AppIcon;
				ASSETCATALOG_COMPILER_GLOBAL_ACCENT_COLOR_NAME = AccentColor;
				CODE_SIGN_STYLE = Automatic;
				CURRENT_PROJECT_VERSION = 1;
				DEVELOPMENT_TEAM = X7TYNR98TC;
				GENERATE_INFOPLIST_FILE = YES;
				INFOPLIST_FILE = "project-team-card-app/Info.plist";
				INFOPLIST_KEY_UIApplicationSupportsIndirectInputEvents = YES;
				INFOPLIST_KEY_UILaunchStoryboardName = LaunchScreen;
				INFOPLIST_KEY_UISupportedInterfaceOrientations_iPad = "UIInterfaceOrientationPortrait UIInterfaceOrientationPortraitUpsideDown UIInterfaceOrientationLandscapeLeft UIInterfaceOrientationLandscapeRight";
				INFOPLIST_KEY_UISupportedInterfaceOrientations_iPhone = "UIInterfaceOrientationPortrait UIInterfaceOrientationLandscapeLeft UIInterfaceOrientationLandscapeRight";
				LD_RUNPATH_SEARCH_PATHS = (
					"$(inherited)",
					"@executable_path/Frameworks",
				);
				MARKETING_VERSION = 1.0;
				PRODUCT_BUNDLE_IDENTIFIER = "quarang.project-team-card-app";
				PRODUCT_NAME = "$(TARGET_NAME)";
				SWIFT_EMIT_LOC_STRINGS = YES;
				SWIFT_VERSION = 5.0;
				TARGETED_DEVICE_FAMILY = "1,2";
			};
			name = Debug;
		};
		D6AEF18D2D75ACC600F8EA4E /* Release */ = {
			isa = XCBuildConfiguration;
			buildSettings = {
				ASSETCATALOG_COMPILER_APPICON_NAME = AppIcon;
				ASSETCATALOG_COMPILER_GLOBAL_ACCENT_COLOR_NAME = AccentColor;
				CODE_SIGN_STYLE = Automatic;
				CURRENT_PROJECT_VERSION = 1;
				DEVELOPMENT_TEAM = X7TYNR98TC;
				GENERATE_INFOPLIST_FILE = YES;
				INFOPLIST_FILE = "project-team-card-app/Info.plist";
				INFOPLIST_KEY_UIApplicationSupportsIndirectInputEvents = YES;
				INFOPLIST_KEY_UILaunchStoryboardName = LaunchScreen;
				INFOPLIST_KEY_UISupportedInterfaceOrientations_iPad = "UIInterfaceOrientationPortrait UIInterfaceOrientationPortraitUpsideDown UIInterfaceOrientationLandscapeLeft UIInterfaceOrientationLandscapeRight";
				INFOPLIST_KEY_UISupportedInterfaceOrientations_iPhone = "UIInterfaceOrientationPortrait UIInterfaceOrientationLandscapeLeft UIInterfaceOrientationLandscapeRight";
				LD_RUNPATH_SEARCH_PATHS = (
					"$(inherited)",
					"@executable_path/Frameworks",
				);
				MARKETING_VERSION = 1.0;
				PRODUCT_BUNDLE_IDENTIFIER = "quarang.project-team-card-app";
				PRODUCT_NAME = "$(TARGET_NAME)";
				SWIFT_EMIT_LOC_STRINGS = YES;
				SWIFT_VERSION = 5.0;
				TARGETED_DEVICE_FAMILY = "1,2";
			};
			name = Release;
		};
		D6AEF18E2D75ACC600F8EA4E /* Debug */ = {
			isa = XCBuildConfiguration;
			buildSettings = {
				ALWAYS_SEARCH_USER_PATHS = NO;
				ASSETCATALOG_COMPILER_GENERATE_SWIFT_ASSET_SYMBOL_EXTENSIONS = YES;
				CLANG_ANALYZER_NONNULL = YES;
				CLANG_ANALYZER_NUMBER_OBJECT_CONVERSION = YES_AGGRESSIVE;
				CLANG_CXX_LANGUAGE_STANDARD = "gnu++20";
				CLANG_ENABLE_MODULES = YES;
				CLANG_ENABLE_OBJC_ARC = YES;
				CLANG_ENABLE_OBJC_WEAK = YES;
				CLANG_WARN_BLOCK_CAPTURE_AUTORELEASING = YES;
				CLANG_WARN_BOOL_CONVERSION = YES;
				CLANG_WARN_COMMA = YES;
				CLANG_WARN_CONSTANT_CONVERSION = YES;
				CLANG_WARN_DEPRECATED_OBJC_IMPLEMENTATIONS = YES;
				CLANG_WARN_DIRECT_OBJC_ISA_USAGE = YES_ERROR;
				CLANG_WARN_DOCUMENTATION_COMMENTS = YES;
				CLANG_WARN_EMPTY_BODY = YES;
				CLANG_WARN_ENUM_CONVERSION = YES;
				CLANG_WARN_INFINITE_RECURSION = YES;
				CLANG_WARN_INT_CONVERSION = YES;
				CLANG_WARN_NON_LITERAL_NULL_CONVERSION = YES;
				CLANG_WARN_OBJC_IMPLICIT_RETAIN_SELF = YES;
				CLANG_WARN_OBJC_LITERAL_CONVERSION = YES;
				CLANG_WARN_OBJC_ROOT_CLASS = YES_ERROR;
				CLANG_WARN_QUOTED_INCLUDE_IN_FRAMEWORK_HEADER = YES;
				CLANG_WARN_RANGE_LOOP_ANALYSIS = YES;
				CLANG_WARN_STRICT_PROTOTYPES = YES;
				CLANG_WARN_SUSPICIOUS_MOVE = YES;
				CLANG_WARN_UNGUARDED_AVAILABILITY = YES_AGGRESSIVE;
				CLANG_WARN_UNREACHABLE_CODE = YES;
				CLANG_WARN__DUPLICATE_METHOD_MATCH = YES;
				COPY_PHASE_STRIP = NO;
				DEBUG_INFORMATION_FORMAT = dwarf;
				ENABLE_STRICT_OBJC_MSGSEND = YES;
				ENABLE_TESTABILITY = YES;
				ENABLE_USER_SCRIPT_SANDBOXING = YES;
				GCC_C_LANGUAGE_STANDARD = gnu17;
				GCC_DYNAMIC_NO_PIC = NO;
				GCC_NO_COMMON_BLOCKS = YES;
				GCC_OPTIMIZATION_LEVEL = 0;
				GCC_PREPROCESSOR_DEFINITIONS = (
					"DEBUG=1",
					"$(inherited)",
				);
				GCC_WARN_64_TO_32_BIT_CONVERSION = YES;
				GCC_WARN_ABOUT_RETURN_TYPE = YES_ERROR;
				GCC_WARN_UNDECLARED_SELECTOR = YES;
				GCC_WARN_UNINITIALIZED_AUTOS = YES_AGGRESSIVE;
				GCC_WARN_UNUSED_FUNCTION = YES;
				GCC_WARN_UNUSED_VARIABLE = YES;
				IPHONEOS_DEPLOYMENT_TARGET = 18.2;
				LOCALIZATION_PREFERS_STRING_CATALOGS = YES;
				MTL_ENABLE_DEBUG_INFO = INCLUDE_SOURCE;
				MTL_FAST_MATH = YES;
				ONLY_ACTIVE_ARCH = YES;
				SDKROOT = iphoneos;
				SWIFT_ACTIVE_COMPILATION_CONDITIONS = "DEBUG $(inherited)";
				SWIFT_OPTIMIZATION_LEVEL = "-Onone";
			};
			name = Debug;
		};
		D6AEF18F2D75ACC600F8EA4E /* Release */ = {
			isa = XCBuildConfiguration;
			buildSettings = {
				ALWAYS_SEARCH_USER_PATHS = NO;
				ASSETCATALOG_COMPILER_GENERATE_SWIFT_ASSET_SYMBOL_EXTENSIONS = YES;
				CLANG_ANALYZER_NONNULL = YES;
				CLANG_ANALYZER_NUMBER_OBJECT_CONVERSION = YES_AGGRESSIVE;
				CLANG_CXX_LANGUAGE_STANDARD = "gnu++20";
				CLANG_ENABLE_MODULES = YES;
				CLANG_ENABLE_OBJC_ARC = YES;
				CLANG_ENABLE_OBJC_WEAK = YES;
				CLANG_WARN_BLOCK_CAPTURE_AUTORELEASING = YES;
				CLANG_WARN_BOOL_CONVERSION = YES;
				CLANG_WARN_COMMA = YES;
				CLANG_WARN_CONSTANT_CONVERSION = YES;
				CLANG_WARN_DEPRECATED_OBJC_IMPLEMENTATIONS = YES;
				CLANG_WARN_DIRECT_OBJC_ISA_USAGE = YES_ERROR;
				CLANG_WARN_DOCUMENTATION_COMMENTS = YES;
				CLANG_WARN_EMPTY_BODY = YES;
				CLANG_WARN_ENUM_CONVERSION = YES;
				CLANG_WARN_INFINITE_RECURSION = YES;
				CLANG_WARN_INT_CONVERSION = YES;
				CLANG_WARN_NON_LITERAL_NULL_CONVERSION = YES;
				CLANG_WARN_OBJC_IMPLICIT_RETAIN_SELF = YES;
				CLANG_WARN_OBJC_LITERAL_CONVERSION = YES;
				CLANG_WARN_OBJC_ROOT_CLASS = YES_ERROR;
				CLANG_WARN_QUOTED_INCLUDE_IN_FRAMEWORK_HEADER = YES;
				CLANG_WARN_RANGE_LOOP_ANALYSIS = YES;
				CLANG_WARN_STRICT_PROTOTYPES = YES;
				CLANG_WARN_SUSPICIOUS_MOVE = YES;
				CLANG_WARN_UNGUARDED_AVAILABILITY = YES_AGGRESSIVE;
				CLANG_WARN_UNREACHABLE_CODE = YES;
				CLANG_WARN__DUPLICATE_METHOD_MATCH = YES;
				COPY_PHASE_STRIP = NO;
				DEBUG_INFORMATION_FORMAT = "dwarf-with-dsym";
				ENABLE_NS_ASSERTIONS = NO;
				ENABLE_STRICT_OBJC_MSGSEND = YES;
				ENABLE_USER_SCRIPT_SANDBOXING = YES;
				GCC_C_LANGUAGE_STANDARD = gnu17;
				GCC_NO_COMMON_BLOCKS = YES;
				GCC_WARN_64_TO_32_BIT_CONVERSION = YES;
				GCC_WARN_ABOUT_RETURN_TYPE = YES_ERROR;
				GCC_WARN_UNDECLARED_SELECTOR = YES;
				GCC_WARN_UNINITIALIZED_AUTOS = YES_AGGRESSIVE;
				GCC_WARN_UNUSED_FUNCTION = YES;
				GCC_WARN_UNUSED_VARIABLE = YES;
				IPHONEOS_DEPLOYMENT_TARGET = 18.2;
				LOCALIZATION_PREFERS_STRING_CATALOGS = YES;
				MTL_ENABLE_DEBUG_INFO = NO;
				MTL_FAST_MATH = YES;
				SDKROOT = iphoneos;
				SWIFT_COMPILATION_MODE = wholemodule;
				VALIDATE_PRODUCT = YES;
			};
			name = Release;
		};
		D6AEF1912D75ACC600F8EA4E /* Debug */ = {
			isa = XCBuildConfiguration;
			buildSettings = {
				BUNDLE_LOADER = "$(TEST_HOST)";
				CODE_SIGN_STYLE = Automatic;
				CURRENT_PROJECT_VERSION = 1;
				DEVELOPMENT_TEAM = N676ZFA7W8;
				GENERATE_INFOPLIST_FILE = YES;
				IPHONEOS_DEPLOYMENT_TARGET = 18.2;
				MARKETING_VERSION = 1.0;
				PRODUCT_BUNDLE_IDENTIFIER = "quarang.project-team-card-appTests";
				PRODUCT_NAME = "$(TARGET_NAME)";
				SWIFT_EMIT_LOC_STRINGS = NO;
				SWIFT_VERSION = 5.0;
				TARGETED_DEVICE_FAMILY = "1,2";
				TEST_HOST = "$(BUILT_PRODUCTS_DIR)/project-team-card-app.app/$(BUNDLE_EXECUTABLE_FOLDER_PATH)/project-team-card-app";
			};
			name = Debug;
		};
		D6AEF1922D75ACC600F8EA4E /* Release */ = {
			isa = XCBuildConfiguration;
			buildSettings = {
				BUNDLE_LOADER = "$(TEST_HOST)";
				CODE_SIGN_STYLE = Automatic;
				CURRENT_PROJECT_VERSION = 1;
				DEVELOPMENT_TEAM = N676ZFA7W8;
				GENERATE_INFOPLIST_FILE = YES;
				IPHONEOS_DEPLOYMENT_TARGET = 18.2;
				MARKETING_VERSION = 1.0;
				PRODUCT_BUNDLE_IDENTIFIER = "quarang.project-team-card-appTests";
				PRODUCT_NAME = "$(TARGET_NAME)";
				SWIFT_EMIT_LOC_STRINGS = NO;
				SWIFT_VERSION = 5.0;
				TARGETED_DEVICE_FAMILY = "1,2";
				TEST_HOST = "$(BUILT_PRODUCTS_DIR)/project-team-card-app.app/$(BUNDLE_EXECUTABLE_FOLDER_PATH)/project-team-card-app";
			};
			name = Release;
		};
		D6AEF1942D75ACC600F8EA4E /* Debug */ = {
			isa = XCBuildConfiguration;
			buildSettings = {
				CODE_SIGN_STYLE = Automatic;
				CURRENT_PROJECT_VERSION = 1;
				DEVELOPMENT_TEAM = N676ZFA7W8;
				GENERATE_INFOPLIST_FILE = YES;
				MARKETING_VERSION = 1.0;
				PRODUCT_BUNDLE_IDENTIFIER = "quarang.project-team-card-appUITests";
				PRODUCT_NAME = "$(TARGET_NAME)";
				SWIFT_EMIT_LOC_STRINGS = NO;
				SWIFT_VERSION = 5.0;
				TARGETED_DEVICE_FAMILY = "1,2";
				TEST_TARGET_NAME = "project-team-card-app";
			};
			name = Debug;
		};
		D6AEF1952D75ACC600F8EA4E /* Release */ = {
			isa = XCBuildConfiguration;
			buildSettings = {
				CODE_SIGN_STYLE = Automatic;
				CURRENT_PROJECT_VERSION = 1;
				DEVELOPMENT_TEAM = N676ZFA7W8;
				GENERATE_INFOPLIST_FILE = YES;
				MARKETING_VERSION = 1.0;
				PRODUCT_BUNDLE_IDENTIFIER = "quarang.project-team-card-appUITests";
				PRODUCT_NAME = "$(TARGET_NAME)";
				SWIFT_EMIT_LOC_STRINGS = NO;
				SWIFT_VERSION = 5.0;
				TARGETED_DEVICE_FAMILY = "1,2";
				TEST_TARGET_NAME = "project-team-card-app";
			};
			name = Release;
		};
/* End XCBuildConfiguration section */

/* Begin XCConfigurationList section */
		D6AEF15D2D75ACC300F8EA4E /* Build configuration list for PBXProject "project-team-card-app" */ = {
			isa = XCConfigurationList;
			buildConfigurations = (
				D6AEF18E2D75ACC600F8EA4E /* Debug */,
				D6AEF18F2D75ACC600F8EA4E /* Release */,
			);
			defaultConfigurationIsVisible = 0;
			defaultConfigurationName = Release;
		};
		D6AEF18B2D75ACC600F8EA4E /* Build configuration list for PBXNativeTarget "project-team-card-app" */ = {
			isa = XCConfigurationList;
			buildConfigurations = (
				D6AEF18C2D75ACC600F8EA4E /* Debug */,
				D6AEF18D2D75ACC600F8EA4E /* Release */,
			);
			defaultConfigurationIsVisible = 0;
			defaultConfigurationName = Release;
		};
		D6AEF1902D75ACC600F8EA4E /* Build configuration list for PBXNativeTarget "project-team-card-appTests" */ = {
			isa = XCConfigurationList;
			buildConfigurations = (
				D6AEF1912D75ACC600F8EA4E /* Debug */,
				D6AEF1922D75ACC600F8EA4E /* Release */,
			);
			defaultConfigurationIsVisible = 0;
			defaultConfigurationName = Release;
		};
		D6AEF1932D75ACC600F8EA4E /* Build configuration list for PBXNativeTarget "project-team-card-appUITests" */ = {
			isa = XCConfigurationList;
			buildConfigurations = (
				D6AEF1942D75ACC600F8EA4E /* Debug */,
				D6AEF1952D75ACC600F8EA4E /* Release */,
			);
			defaultConfigurationIsVisible = 0;
			defaultConfigurationName = Release;
		};
/* End XCConfigurationList section */
	};
	rootObject = D6AEF15A2D75ACC300F8EA4E /* Project object */;
}
